
Microsoft Visual Studio Solution File, Format Version 12.00
# Visual Studio Version 17
VisualStudioVersion = 17.6.33829.357
MinimumVisualStudioVersion = 10.0.40219.1
Project("{2150E333-8FDC-42A3-9474-1A3956D46DE8}") = "Domain", "Domain", "{F8D7FBA3-9A98-456D-BD42-3596FF421FB6}"
EndProject
Project("{2150E333-8FDC-42A3-9474-1A3956D46DE8}") = "Infra.Bus", "Infra.Bus", "{2C1089E9-93AF-4E64-97BC-FF2FB8973A0B}"
EndProject
Project("{2150E333-8FDC-42A3-9474-1A3956D46DE8}") = "Infra.IoC", "Infra.IoC", "{D6B5D66E-1007-4685-AEE6-05BF166DA36A}"
EndProject
Project("{2150E333-8FDC-42A3-9474-1A3956D46DE8}") = "Microservices", "Microservices", "{0C3C48B3-E9A8-4715-8883-ACD14F5A8294}"
EndProject
Project("{9A19103F-16F7-4668-BE54-9A1E7A4F7556}") = "MicroRabbit.Domain.Core", "MicroRabbit.Domain.Core\MicroRabbit.Domain.Core.csproj", "{DB330436-E4C8-4F2A-8A73-A4F38F6F64A6}"
EndProject
Project("{9A19103F-16F7-4668-BE54-9A1E7A4F7556}") = "MicroRabbit.Infra.Bus", "MicroRabbit.Infra.Bus\MicroRabbit.Infra.Bus.csproj", "{955707FD-21BE-4DE3-B5B2-618B27BB6602}"
EndProject
Project("{9A19103F-16F7-4668-BE54-9A1E7A4F7556}") = "MicroRabbit.Infra.IoC", "MicroRabbit.Infra.IoC\MicroRabbit.Infra.IoC.csproj", "{0D69BAEB-863A-411C-80E2-2EEF2F076841}"
EndProject
Project("{2150E333-8FDC-42A3-9474-1A3956D46DE8}") = "Banking", "Banking", "{C1884541-3C4F-4EF3-9AB6-D9C6C0E8F7A5}"
EndProject
Project("{2150E333-8FDC-42A3-9474-1A3956D46DE8}") = "Api", "Api", "{99D0B3C6-C6C2-4E16-9217-9E7F081F13F3}"
EndProject
Project("{2150E333-8FDC-42A3-9474-1A3956D46DE8}") = "Domain", "Domain", "{9976FD07-BF3C-468D-A9C4-AE161617DD12}"
EndProject
Project("{2150E333-8FDC-42A3-9474-1A3956D46DE8}") = "Application", "Application", "{5C865CF5-61BB-4758-9608-EBBB00D7D479}"
EndProject
Project("{2150E333-8FDC-42A3-9474-1A3956D46DE8}") = "Data", "Data", "{37065923-D92B-4670-AEFD-18A98D06C0F1}"
EndProject
Project("{9A19103F-16F7-4668-BE54-9A1E7A4F7556}") = "MicroRabbit.Banking.Api", "MicroRabbit.Banking.Api\MicroRabbit.Banking.Api.csproj", "{6FEF1089-FDAA-4700-A15C-40FD9797BDF4}"
EndProject
Project("{9A19103F-16F7-4668-BE54-9A1E7A4F7556}") = "MicroRabbit.Banking.Application", "MicroRabbit.Banking.Application\MicroRabbit.Banking.Application.csproj", "{14A6E2ED-5742-42EB-AD2E-DEC3D5E4B978}"
EndProject
Project("{9A19103F-16F7-4668-BE54-9A1E7A4F7556}") = "MicroRabbit.Banking.Data", "MicroRabbit.Banking.Data\MicroRabbit.Banking.Data.csproj", "{A79BA8C2-C315-448C-A566-18440FCA3A62}"
EndProject
Project("{9A19103F-16F7-4668-BE54-9A1E7A4F7556}") = "MicroRabbit.Banking.Domain", "MicroRabbit.Banking.Domain\MicroRabbit.Banking.Domain.csproj", "{4311EFE1-F3B0-4201-A528-6C68FD3F7D98}"
EndProject
Project("{2150E333-8FDC-42A3-9474-1A3956D46DE8}") = "Transfer", "Transfer", "{501986B1-FE6B-4AA8-9A93-3A26E0411346}"
EndProject
Project("{2150E333-8FDC-42A3-9474-1A3956D46DE8}") = "Application", "Application", "{E30A6354-D890-4682-9706-1C6FDD996863}"
EndProject
Project("{2150E333-8FDC-42A3-9474-1A3956D46DE8}") = "Domain", "Domain", "{B8687173-CC7F-4818-A4C3-F0B136C3D806}"
EndProject
Project("{2150E333-8FDC-42A3-9474-1A3956D46DE8}") = "Data", "Data", "{87C99DA1-5A47-4894-B836-17FE02ADA150}"
EndProject
Project("{2150E333-8FDC-42A3-9474-1A3956D46DE8}") = "Api", "Api", "{58449E01-3B78-4CD6-91C1-67850C08821C}"
EndProject
Project("{FAE04EC0-301F-11D3-BF4B-00C04F79EFBC}") = "MicroRabbit.Transfer.Api", "MicroRabbit.Transfer.Api\MicroRabbit.Transfer.Api.csproj", "{6DC49F60-DA0A-47B0-920A-34F7AADFB891}"
EndProject
Project("{FAE04EC0-301F-11D3-BF4B-00C04F79EFBC}") = "MicroRabbit.Transfer.Application", "MicroRabbit.Transfer.Application\MicroRabbit.Transfer.Application.csproj", "{FBCCB703-92EC-41F4-A52C-C3B1B16BBA44}"
EndProject
Project("{FAE04EC0-301F-11D3-BF4B-00C04F79EFBC}") = "MicroRabbit.Transfer.Data", "MicroRabbit.Transfer.Data\MicroRabbit.Transfer.Data.csproj", "{66B31BCA-AF43-42E3-8F06-9B362446D9A4}"
EndProject
Project("{FAE04EC0-301F-11D3-BF4B-00C04F79EFBC}") = "MicroRabbit.Transfer.Domain", "MicroRabbit.Transfer.Domain\MicroRabbit.Transfer.Domain.csproj", "{784D4EC7-D8C8-49B0-960D-E77FA6112254}"
EndProject
Global
	GlobalSection(SolutionConfigurationPlatforms) = preSolution
		Debug|Any CPU = Debug|Any CPU
		Release|Any CPU = Release|Any CPU
	EndGlobalSection
	GlobalSection(ProjectConfigurationPlatforms) = postSolution
		{DB330436-E4C8-4F2A-8A73-A4F38F6F64A6}.Debug|Any CPU.ActiveCfg = Debug|Any CPU
		{DB330436-E4C8-4F2A-8A73-A4F38F6F64A6}.Debug|Any CPU.Build.0 = Debug|Any CPU
		{DB330436-E4C8-4F2A-8A73-A4F38F6F64A6}.Release|Any CPU.ActiveCfg = Release|Any CPU
		{DB330436-E4C8-4F2A-8A73-A4F38F6F64A6}.Release|Any CPU.Build.0 = Release|Any CPU
		{955707FD-21BE-4DE3-B5B2-618B27BB6602}.Debug|Any CPU.ActiveCfg = Debug|Any CPU
		{955707FD-21BE-4DE3-B5B2-618B27BB6602}.Debug|Any CPU.Build.0 = Debug|Any CPU
		{955707FD-21BE-4DE3-B5B2-618B27BB6602}.Release|Any CPU.ActiveCfg = Release|Any CPU
		{955707FD-21BE-4DE3-B5B2-618B27BB6602}.Release|Any CPU.Build.0 = Release|Any CPU
		{0D69BAEB-863A-411C-80E2-2EEF2F076841}.Debug|Any CPU.ActiveCfg = Debug|Any CPU
		{0D69BAEB-863A-411C-80E2-2EEF2F076841}.Debug|Any CPU.Build.0 = Debug|Any CPU
		{0D69BAEB-863A-411C-80E2-2EEF2F076841}.Release|Any CPU.ActiveCfg = Release|Any CPU
		{0D69BAEB-863A-411C-80E2-2EEF2F076841}.Release|Any CPU.Build.0 = Release|Any CPU
		{6FEF1089-FDAA-4700-A15C-40FD9797BDF4}.Debug|Any CPU.ActiveCfg = Debug|Any CPU
		{6FEF1089-FDAA-4700-A15C-40FD9797BDF4}.Debug|Any CPU.Build.0 = Debug|Any CPU
		{6FEF1089-FDAA-4700-A15C-40FD9797BDF4}.Release|Any CPU.ActiveCfg = Release|Any CPU
		{6FEF1089-FDAA-4700-A15C-40FD9797BDF4}.Release|Any CPU.Build.0 = Release|Any CPU
		{14A6E2ED-5742-42EB-AD2E-DEC3D5E4B978}.Debug|Any CPU.ActiveCfg = Debug|Any CPU
		{14A6E2ED-5742-42EB-AD2E-DEC3D5E4B978}.Debug|Any CPU.Build.0 = Debug|Any CPU
		{14A6E2ED-5742-42EB-AD2E-DEC3D5E4B978}.Release|Any CPU.ActiveCfg = Release|Any CPU
		{14A6E2ED-5742-42EB-AD2E-DEC3D5E4B978}.Release|Any CPU.Build.0 = Release|Any CPU
		{A79BA8C2-C315-448C-A566-18440FCA3A62}.Debug|Any CPU.ActiveCfg = Debug|Any CPU
		{A79BA8C2-C315-448C-A566-18440FCA3A62}.Debug|Any CPU.Build.0 = Debug|Any CPU
		{A79BA8C2-C315-448C-A566-18440FCA3A62}.Release|Any CPU.ActiveCfg = Release|Any CPU
		{A79BA8C2-C315-448C-A566-18440FCA3A62}.Release|Any CPU.Build.0 = Release|Any CPU
		{4311EFE1-F3B0-4201-A528-6C68FD3F7D98}.Debug|Any CPU.ActiveCfg = Debug|Any CPU
		{4311EFE1-F3B0-4201-A528-6C68FD3F7D98}.Debug|Any CPU.Build.0 = Debug|Any CPU
		{4311EFE1-F3B0-4201-A528-6C68FD3F7D98}.Release|Any CPU.ActiveCfg = Release|Any CPU
		{4311EFE1-F3B0-4201-A528-6C68FD3F7D98}.Release|Any CPU.Build.0 = Release|Any CPU
		{6DC49F60-DA0A-47B0-920A-34F7AADFB891}.Debug|Any CPU.ActiveCfg = Debug|Any CPU
		{6DC49F60-DA0A-47B0-920A-34F7AADFB891}.Debug|Any CPU.Build.0 = Debug|Any CPU
		{6DC49F60-DA0A-47B0-920A-34F7AADFB891}.Release|Any CPU.ActiveCfg = Release|Any CPU
		{6DC49F60-DA0A-47B0-920A-34F7AADFB891}.Release|Any CPU.Build.0 = Release|Any CPU
		{FBCCB703-92EC-41F4-A52C-C3B1B16BBA44}.Debug|Any CPU.ActiveCfg = Debug|Any CPU
		{FBCCB703-92EC-41F4-A52C-C3B1B16BBA44}.Debug|Any CPU.Build.0 = Debug|Any CPU
		{FBCCB703-92EC-41F4-A52C-C3B1B16BBA44}.Release|Any CPU.ActiveCfg = Release|Any CPU
		{FBCCB703-92EC-41F4-A52C-C3B1B16BBA44}.Release|Any CPU.Build.0 = Release|Any CPU
		{66B31BCA-AF43-42E3-8F06-9B362446D9A4}.Debug|Any CPU.ActiveCfg = Debug|Any CPU
		{66B31BCA-AF43-42E3-8F06-9B362446D9A4}.Debug|Any CPU.Build.0 = Debug|Any CPU
		{66B31BCA-AF43-42E3-8F06-9B362446D9A4}.Release|Any CPU.ActiveCfg = Release|Any CPU
		{66B31BCA-AF43-42E3-8F06-9B362446D9A4}.Release|Any CPU.Build.0 = Release|Any CPU
		{784D4EC7-D8C8-49B0-960D-E77FA6112254}.Debug|Any CPU.ActiveCfg = Debug|Any CPU
		{784D4EC7-D8C8-49B0-960D-E77FA6112254}.Debug|Any CPU.Build.0 = Debug|Any CPU
		{784D4EC7-D8C8-49B0-960D-E77FA6112254}.Release|Any CPU.ActiveCfg = Release|Any CPU
		{784D4EC7-D8C8-49B0-960D-E77FA6112254}.Release|Any CPU.Build.0 = Release|Any CPU
	EndGlobalSection
	GlobalSection(SolutionProperties) = preSolution
		HideSolutionNode = FALSE
	EndGlobalSection
	GlobalSection(NestedProjects) = preSolution
		{DB330436-E4C8-4F2A-8A73-A4F38F6F64A6} = {F8D7FBA3-9A98-456D-BD42-3596FF421FB6}
		{955707FD-21BE-4DE3-B5B2-618B27BB6602} = {2C1089E9-93AF-4E64-97BC-FF2FB8973A0B}
		{0D69BAEB-863A-411C-80E2-2EEF2F076841} = {D6B5D66E-1007-4685-AEE6-05BF166DA36A}
		{C1884541-3C4F-4EF3-9AB6-D9C6C0E8F7A5} = {0C3C48B3-E9A8-4715-8883-ACD14F5A8294}
		{99D0B3C6-C6C2-4E16-9217-9E7F081F13F3} = {C1884541-3C4F-4EF3-9AB6-D9C6C0E8F7A5}
		{9976FD07-BF3C-468D-A9C4-AE161617DD12} = {C1884541-3C4F-4EF3-9AB6-D9C6C0E8F7A5}
		{5C865CF5-61BB-4758-9608-EBBB00D7D479} = {C1884541-3C4F-4EF3-9AB6-D9C6C0E8F7A5}
		{37065923-D92B-4670-AEFD-18A98D06C0F1} = {C1884541-3C4F-4EF3-9AB6-D9C6C0E8F7A5}
		{6FEF1089-FDAA-4700-A15C-40FD9797BDF4} = {99D0B3C6-C6C2-4E16-9217-9E7F081F13F3}
		{14A6E2ED-5742-42EB-AD2E-DEC3D5E4B978} = {5C865CF5-61BB-4758-9608-EBBB00D7D479}
		{A79BA8C2-C315-448C-A566-18440FCA3A62} = {37065923-D92B-4670-AEFD-18A98D06C0F1}
		{4311EFE1-F3B0-4201-A528-6C68FD3F7D98} = {9976FD07-BF3C-468D-A9C4-AE161617DD12}
		{501986B1-FE6B-4AA8-9A93-3A26E0411346} = {0C3C48B3-E9A8-4715-8883-ACD14F5A8294}
		{E30A6354-D890-4682-9706-1C6FDD996863} = {501986B1-FE6B-4AA8-9A93-3A26E0411346}
		{B8687173-CC7F-4818-A4C3-F0B136C3D806} = {501986B1-FE6B-4AA8-9A93-3A26E0411346}
		{87C99DA1-5A47-4894-B836-17FE02ADA150} = {501986B1-FE6B-4AA8-9A93-3A26E0411346}
		{58449E01-3B78-4CD6-91C1-67850C08821C} = {501986B1-FE6B-4AA8-9A93-3A26E0411346}
		{6DC49F60-DA0A-47B0-920A-34F7AADFB891} = {58449E01-3B78-4CD6-91C1-67850C08821C}
		{FBCCB703-92EC-41F4-A52C-C3B1B16BBA44} = {E30A6354-D890-4682-9706-1C6FDD996863}
		{66B31BCA-AF43-42E3-8F06-9B362446D9A4} = {87C99DA1-5A47-4894-B836-17FE02ADA150}
		{784D4EC7-D8C8-49B0-960D-E77FA6112254} = {B8687173-CC7F-4818-A4C3-F0B136C3D806}
	EndGlobalSection
	GlobalSection(ExtensibilityGlobals) = postSolution
		SolutionGuid = {41D2E492-BA89-4906-8B14-149C139182FC}
	EndGlobalSection
EndGlobal
